{
  "name": "@astratask/notifications",
  "version": "1.0.0",
  "lockfileVersion": 3,
  "requires": true,
  "packages": {
    "": {
      "name": "@astratask/notifications",
      "version": "1.0.0",
      "license": "MIT",
      "dependencies": {
        "@astratask/notifications": "file:"
      }
    },
    "node_modules/@astratask/notifications": {
      "resolved": "",
      "link": true
    }
  }
}
