{
  "name": "@astratask/kv",
  "version": "1.0.0",
  "lockfileVersion": 3,
  "requires": true,
  "packages": {
    "": {
      "name": "@astratask/kv",
      "version": "1.0.0",
      "dependencies": {
        "@astratask/kv": "file:",
        "@upstash/ratelimit": "^2.0.2",
        "@upstash/redis": "^1.34.0",
        "server-only": "^0.0.1"
      }
    },
    "node_modules/@astratask/kv": {
      "resolved": "",
      "link": true
    },
    "node_modules/@upstash/core-analytics": {
      "version": "0.0.10",
      "resolved": "https://registry.npmjs.org/@upstash/core-analytics/-/core-analytics-0.0.10.tgz",
      "integrity": "sha512-7qJHGxpQgQr9/vmeS1PktEwvNAF7TI4iJDi8Pu2CFZ9YUGHZH4fOP5TfYlZ4aVxfopnELiE4BS4FBjyK7V1/xQ==",
      "dependencies": {
        "@upstash/redis": "^1.28.3"
      },
      "engines": {
        "node": ">=16.0.0"
      }
    },
    "node_modules/@upstash/ratelimit": {
      "version": "2.0.3",
      "resolved": "https://registry.npmjs.org/@upstash/ratelimit/-/ratelimit-2.0.3.tgz",
      "integrity": "sha512-BMUpZPZ9IMwrUwohw0HoVAwjBRo5SDb0riAxfCGrLbutuZTPiVagh017Cm3GfhMqwUWLOp0xJQxTCXp812UJVQ==",
      "dependencies": {
        "@upstash/core-analytics": "^0.0.10"
      }
    },
    "node_modules/@upstash/redis": {
      "version": "1.34.0",
      "resolved": "https://registry.npmjs.org/@upstash/redis/-/redis-1.34.0.tgz",
      "integrity": "sha512-TrXNoJLkysIl8SBc4u9bNnyoFYoILpCcFJcLyWCccb/QSUmaVKdvY0m5diZqc3btExsapcMbaw/s/wh9Sf1pJw==",
      "dependencies": {
        "crypto-js": "^4.2.0"
      }
    },
    "node_modules/crypto-js": {
      "version": "4.2.0",
      "resolved": "https://registry.npmjs.org/crypto-js/-/crypto-js-4.2.0.tgz",
      "integrity": "sha512-KALDyEYgpY+Rlob/iriUtjV6d5Eq+Y191A5g4UqLAi8CyGP9N1+FdVbkc1SxKc2r4YAYqG8JzO2KGL+AizD70Q=="
    },
    "node_modules/server-only": {
      "version": "0.0.1",
      "resolved": "https://registry.npmjs.org/server-only/-/server-only-0.0.1.tgz",
      "integrity": "sha512-qepMx2JxAa5jjfzxG79yPPq+8BuFToHd1hm7kI+Z4zAq1ftQiP7HcxMhDDItrbtwVeLg/cY2JnKnrcFkmiswNA=="
    }
  }
}
