{
  "name": "@astratask/typescript",
  "lockfileVersion": 3,
  "requires": true,
  "packages": {
    "": {
      "name": "@astratask/typescript",
      "dependencies": {
        "@astratask/typescript": "file:"
      }
    },
    "node_modules/@astratask/typescript": {
      "resolved": "",
      "link": true
    }
  }
}
